// !$*UTF8*$!
{
	archiveVersion = 1;
	classes = {
	};
	objectVersion = 56;
	objects = {

/* Begin PBXBuildFile section */
		92C0CEE42C89D24600F97994 /* correct.mp3 in Resources */ = {isa = PBXBuildFile; fileRef = 92C0CEDF2C89D24600F97994 /* correct.mp3 */; };
		92C0CEE62C89D24600F97994 /* wrong.mp3 in Resources */ = {isa = PBXBuildFile; fileRef = 92C0CEE12C89D24600F97994 /* wrong.mp3 */; };
		92C0CEE72C89D24600F97994 /* yanlis.mp3 in Resources */ = {isa = PBXBuildFile; fileRef = 92C0CEE22C89D24600F97994 /* yanlis.mp3 */; };
		92C0CEE92C89E9D500F97994 /* dogru.mp3 in Resources */ = {isa = PBXBuildFile; fileRef = 92C0CEE82C89E9D500F97994 /* dogru.mp3 */; };
		92FC82812C853C02001F30CC /* AppDelegate.swift in Sources */ = {isa = PBXBuildFile; fileRef = 92FC82802C853C02001F30CC /* AppDelegate.swift */; };
		92FC82832C853C02001F30CC /* SceneDelegate.swift in Sources */ = {isa = PBXBuildFile; fileRef = 92FC82822C853C02001F30CC /* SceneDelegate.swift */; };
		92FC82852C853C02001F30CC /* Anasayfa.swift in Sources */ = {isa = PBXBuildFile; fileRef = 92FC82842C853C02001F30CC /* Anasayfa.swift */; };
		92FC82882C853C02001F30CC /* Base in Resources */ = {isa = PBXBuildFile; fileRef = 92FC82872C853C02001F30CC /* Base */; };
		92FC828A2C853C03001F30CC /* Assets.xcassets in Resources */ = {isa = PBXBuildFile; fileRef = 92FC82892C853C03001F30CC /* Assets.xcassets */; };
		92FC828D2C853C03001F30CC /* Base in Resources */ = {isa = PBXBuildFile; fileRef = 92FC828C2C853C03001F30CC /* Base */; };
		92FC82952C861926001F30CC /* SecondVC.swift in Sources */ = {isa = PBXBuildFile; fileRef = 92FC82942C861926001F30CC /* SecondVC.swift */; };
		92FC82972C862681001F30CC /* Kavramlar.swift in Sources */ = {isa = PBXBuildFile; fileRef = 92FC82962C862681001F30CC /* Kavramlar.swift */; };
/* End PBXBuildFile section */

/* Begin PBXFileReference section */
		92C0CEDF2C89D24600F97994 /* correct.mp3 */ = {isa = PBXFileReference; lastKnownFileType = audio.mp3; path = correct.mp3; sourceTree = "<group>"; };
		92C0CEE12C89D24600F97994 /* wrong.mp3 */ = {isa = PBXFileReference; lastKnownFileType = audio.mp3; path = wrong.mp3; sourceTree = "<group>"; };
		92C0CEE22C89D24600F97994 /* yanlis.mp3 */ = {isa = PBXFileReference; lastKnownFileType = audio.mp3; path = yanlis.mp3; sourceTree = "<group>"; };
		92C0CEE82C89E9D500F97994 /* dogru.mp3 */ = {isa = PBXFileReference; lastKnownFileType = audio.mp3; path = dogru.mp3; sourceTree = "<group>"; };
		92FC827D2C853C02001F30CC /* quizApp.app */ = {isa = PBXFileReference; explicitFileType = wrapper.application; includeInIndex = 0; path = quizApp.app; sourceTree = BUILT_PRODUCTS_DIR; };
		92FC82802C853C02001F30CC /* AppDelegate.swift */ = {isa = PBXFileReference; lastKnownFileType = sourcecode.swift; path = AppDelegate.swift; sourceTree = "<group>"; };
		92FC82822C853C02001F30CC /* SceneDelegate.swift */ = {isa = PBXFileReference; lastKnownFileType = sourcecode.swift; path = SceneDelegate.swift; sourceTree = "<group>"; };
		92FC82842C853C02001F30CC /* Anasayfa.swift */ = {isa = PBXFileReference; lastKnownFileType = sourcecode.swift; path = Anasayfa.swift; sourceTree = "<group>"; };
		92FC82872C853C02001F30CC /* Base */ = {isa = PBXFileReference; lastKnownFileType = file.storyboard; name = Base; path = Base.lproj/Main.storyboard; sourceTree = "<group>"; };
		92FC82892C853C03001F30CC /* Assets.xcassets */ = {isa = PBXFileReference; lastKnownFileType = folder.assetcatalog; path = Assets.xcassets; sourceTree = "<group>"; };
		92FC828C2C853C03001F30CC /* Base */ = {isa = PBXFileReference; lastKnownFileType = file.storyboard; name = Base; path = Base.lproj/LaunchScreen.storyboard; sourceTree = "<group>"; };
		92FC828E2C853C03001F30CC /* Info.plist */ = {isa = PBXFileReference; lastKnownFileType = text.plist.xml; path = Info.plist; sourceTree = "<group>"; };
		92FC82942C861926001F30CC /* SecondVC.swift */ = {isa = PBXFileReference; lastKnownFileType = sourcecode.swift; path = SecondVC.swift; sourceTree = "<group>"; };
		92FC82962C862681001F30CC /* Kavramlar.swift */ = {isa = PBXFileReference; lastKnownFileType = sourcecode.swift; path = Kavramlar.swift; sourceTree = "<group>"; };
/* End PBXFileReference section */

/* Begin PBXFrameworksBuildPhase section */
		92FC827A2C853C02001F30CC /* Frameworks */ = {
			isa = PBXFrameworksBuildPhase;
			buildActionMask = 2147483647;
			files = (
			);
			runOnlyForDeploymentPostprocessing = 0;
		};
/* End PBXFrameworksBuildPhase section */

/* Begin PBXGroup section */
		92C0CEE32C89D24600F97994 /* sounds */ = {
			isa = PBXGroup;
			children = (
				92C0CEDF2C89D24600F97994 /* correct.mp3 */,
				92C0CEE82C89E9D500F97994 /* dogru.mp3 */,
				92C0CEE12C89D24600F97994 /* wrong.mp3 */,
				92C0CEE22C89D24600F97994 /* yanlis.mp3 */,
			);
			path = sounds;
			sourceTree = "<group>";
		};
		92FC82742C853C02001F30CC = {
			isa = PBXGroup;
			children = (
				92FC827F2C853C02001F30CC /* quizApp */,
				92FC827E2C853C02001F30CC /* Products */,
			);
			sourceTree = "<group>";
		};
		92FC827E2C853C02001F30CC /* Products */ = {
			isa = PBXGroup;
			children = (
				92FC827D2C853C02001F30CC /* quizApp.app */,
			);
			name = Products;
			sourceTree = "<group>";
		};
		92FC827F2C853C02001F30CC /* quizApp */ = {
			isa = PBXGroup;
			children = (
				92C0CEE32C89D24600F97994 /* sounds */,
				92FC82802C853C02001F30CC /* AppDelegate.swift */,
				92FC82822C853C02001F30CC /* SceneDelegate.swift */,
				92FC82842C853C02001F30CC /* Anasayfa.swift */,
				92FC82962C862681001F30CC /* Kavramlar.swift */,
				92FC82942C861926001F30CC /* SecondVC.swift */,
				92FC82862C853C02001F30CC /* Main.storyboard */,
				92FC82892C853C03001F30CC /* Assets.xcassets */,
				92FC828B2C853C03001F30CC /* LaunchScreen.storyboard */,
				92FC828E2C853C03001F30CC /* Info.plist */,
			);
			path = quizApp;
			sourceTree = "<group>";
		};
/* End PBXGroup section */

/* Begin PBXNativeTarget section */
		92FC827C2C853C02001F30CC /* quizApp */ = {
			isa = PBXNativeTarget;
			buildConfigurationList = 92FC82912C853C03001F30CC /* Build configuration list for PBXNativeTarget "quizApp" */;
			buildPhases = (
				92FC82792C853C02001F30CC /* Sources */,
				92FC827A2C853C02001F30CC /* Frameworks */,
				92FC827B2C853C02001F30CC /* Resources */,
			);
			buildRules = (
			);
			dependencies = (
			);
			name = quizApp;
			productName = quizApp;
			productReference = 92FC827D2C853C02001F30CC /* quizApp.app */;
			productType = "com.apple.product-type.application";
		};
/* End PBXNativeTarget section */

/* Begin PBXProject section */
		92FC82752C853C02001F30CC /* Project object */ = {
			isa = PBXProject;
			attributes = {
				BuildIndependentTargetsInParallel = 1;
				LastSwiftUpdateCheck = 1540;
				LastUpgradeCheck = 1540;
				TargetAttributes = {
					92FC827C2C853C02001F30CC = {
						CreatedOnToolsVersion = 15.4;
					};
				};
			};
			buildConfigurationList = 92FC82782C853C02001F30CC /* Build configuration list for PBXProject "quizApp" */;
			compatibilityVersion = "Xcode 14.0";
			developmentRegion = en;
			hasScannedForEncodings = 0;
			knownRegions = (
				en,
				Base,
			);
			mainGroup = 92FC82742C853C02001F30CC;
			productRefGroup = 92FC827E2C853C02001F30CC /* Products */;
			projectDirPath = "";
			projectRoot = "";
			targets = (
				92FC827C2C853C02001F30CC /* quizApp */,
			);
		};
/* End PBXProject section */

/* Begin PBXResourcesBuildPhase section */
		92FC827B2C853C02001F30CC /* Resources */ = {
			isa = PBXResourcesBuildPhase;
			buildActionMask = 2147483647;
			files = (
				92C0CEE72C89D24600F97994 /* yanlis.mp3 in Resources */,
				92FC828A2C853C03001F30CC /* Assets.xcassets in Resources */,
				92FC828D2C853C03001F30CC /* Base in Resources */,
				92FC82882C853C02001F30CC /* Base in Resources */,
				92C0CEE62C89D24600F97994 /* wrong.mp3 in Resources */,
				92C0CEE92C89E9D500F97994 /* dogru.mp3 in Resources */,
				92C0CEE42C89D24600F97994 /* correct.mp3 in Resources */,
			);
			runOnlyForDeploymentPostprocessing = 0;
		};
/* End PBXResourcesBuildPhase section */

/* Begin PBXSourcesBuildPhase section */
		92FC82792C853C02001F30CC /* Sources */ = {
			isa = PBXSourcesBuildPhase;
			buildActionMask = 2147483647;
			files = (
				92FC82972C862681001F30CC /* Kavramlar.swift in Sources */,
				92FC82852C853C02001F30CC /* Anasayfa.swift in Sources */,
				92FC82812C853C02001F30CC /* AppDelegate.swift in Sources */,
				92FC82952C861926001F30CC /* SecondVC.swift in Sources */,
				92FC82832C853C02001F30CC /* SceneDelegate.swift in Sources */,
			);
			runOnlyForDeploymentPostprocessing = 0;
		};
/* End PBXSourcesBuildPhase section */

/* Begin PBXVariantGroup section */
		92FC82862C853C02001F30CC /* Main.storyboard */ = {
			isa = PBXVariantGroup;
			children = (
				92FC82872C853C02001F30CC /* Base */,
			);
			name = Main.storyboard;
			sourceTree = "<group>";
		};
		92FC828B2C853C03001F30CC /* LaunchScreen.storyboard */ = {
			isa = PBXVariantGroup;
			children = (
				92FC828C2C853C03001F30CC /* Base */,
			);
			name = LaunchScreen.storyboard;
			sourceTree = "<group>";
		};
/* End PBXVariantGroup section */

/* Begin XCBuildConfiguration section */
		92FC828F2C853C03001F30CC /* Debug */ = {
			isa = XCBuildConfiguration;
			buildSettings = {
				ALWAYS_SEARCH_USER_PATHS = NO;
				ASSETCATALOG_COMPILER_GENERATE_SWIFT_ASSET_SYMBOL_EXTENSIONS = YES;
				CLANG_ANALYZER_NONNULL = YES;
				CLANG_ANALYZER_NUMBER_OBJECT_CONVERSION = YES_AGGRESSIVE;
				CLANG_CXX_LANGUAGE_STANDARD = "gnu++20";
				CLANG_ENABLE_MODULES = YES;
				CLANG_ENABLE_OBJC_ARC = YES;
				CLANG_ENABLE_OBJC_WEAK = YES;
				CLANG_WARN_BLOCK_CAPTURE_AUTORELEASING = YES;
				CLANG_WARN_BOOL_CONVERSION = YES;
				CLANG_WARN_COMMA = YES;
				CLANG_WARN_CONSTANT_CONVERSION = YES;
				CLANG_WARN_DEPRECATED_OBJC_IMPLEMENTATIONS = YES;
				CLANG_WARN_DIRECT_OBJC_ISA_USAGE = YES_ERROR;
				CLANG_WARN_DOCUMENTATION_COMMENTS = YES;
				CLANG_WARN_EMPTY_BODY = YES;
				CLANG_WARN_ENUM_CONVERSION = YES;
				CLANG_WARN_INFINITE_RECURSION = YES;
				CLANG_WARN_INT_CONVERSION = YES;
				CLANG_WARN_NON_LITERAL_NULL_CONVERSION = YES;
				CLANG_WARN_OBJC_IMPLICIT_RETAIN_SELF = YES;
				CLANG_WARN_OBJC_LITERAL_CONVERSION = YES;
				CLANG_WARN_OBJC_ROOT_CLASS = YES_ERROR;
				CLANG_WARN_QUOTED_INCLUDE_IN_FRAMEWORK_HEADER = YES;
				CLANG_WARN_RANGE_LOOP_ANALYSIS = YES;
				CLANG_WARN_STRICT_PROTOTYPES = YES;
				CLANG_WARN_SUSPICIOUS_MOVE = YES;
				CLANG_WARN_UNGUARDED_AVAILABILITY = YES_AGGRESSIVE;
				CLANG_WARN_UNREACHABLE_CODE = YES;
				CLANG_WARN__DUPLICATE_METHOD_MATCH = YES;
				COPY_PHASE_STRIP = NO;
				DEBUG_INFORMATION_FORMAT = dwarf;
				ENABLE_STRICT_OBJC_MSGSEND = YES;
				ENABLE_TESTABILITY = YES;
				ENABLE_USER_SCRIPT_SANDBOXING = YES;
				GCC_C_LANGUAGE_STANDARD = gnu17;
				GCC_DYNAMIC_NO_PIC = NO;
				GCC_NO_COMMON_BLOCKS = YES;
				GCC_OPTIMIZATION_LEVEL = 0;
				GCC_PREPROCESSOR_DEFINITIONS = (
					"DEBUG=1",
					"$(inherited)",
				);
				GCC_WARN_64_TO_32_BIT_CONVERSION = YES;
				GCC_WARN_ABOUT_RETURN_TYPE = YES_ERROR;
				GCC_WARN_UNDECLARED_SELECTOR = YES;
				GCC_WARN_UNINITIALIZED_AUTOS = YES_AGGRESSIVE;
				GCC_WARN_UNUSED_FUNCTION = YES;
				GCC_WARN_UNUSED_VARIABLE = YES;
				IPHONEOS_DEPLOYMENT_TARGET = 17.5;
				LOCALIZATION_PREFERS_STRING_CATALOGS = YES;
				MTL_ENABLE_DEBUG_INFO = INCLUDE_SOURCE;
				MTL_FAST_MATH = YES;
				ONLY_ACTIVE_ARCH = YES;
				SDKROOT = iphoneos;
				SWIFT_ACTIVE_COMPILATION_CONDITIONS = "DEBUG $(inherited)";
				SWIFT_OPTIMIZATION_LEVEL = "-Onone";
			};
			name = Debug;
		};
		92FC82902C853C03001F30CC /* Release */ = {
			isa = XCBuildConfiguration;
			buildSettings = {
				ALWAYS_SEARCH_USER_PATHS = NO;
				ASSETCATALOG_COMPILER_GENERATE_SWIFT_ASSET_SYMBOL_EXTENSIONS = YES;
				CLANG_ANALYZER_NONNULL = YES;
				CLANG_ANALYZER_NUMBER_OBJECT_CONVERSION = YES_AGGRESSIVE;
				CLANG_CXX_LANGUAGE_STANDARD = "gnu++20";
				CLANG_ENABLE_MODULES = YES;
				CLANG_ENABLE_OBJC_ARC = YES;
				CLANG_ENABLE_OBJC_WEAK = YES;
				CLANG_WARN_BLOCK_CAPTURE_AUTORELEASING = YES;
				CLANG_WARN_BOOL_CONVERSION = YES;
				CLANG_WARN_COMMA = YES;
				CLANG_WARN_CONSTANT_CONVERSION = YES;
				CLANG_WARN_DEPRECATED_OBJC_IMPLEMENTATIONS = YES;
				CLANG_WARN_DIRECT_OBJC_ISA_USAGE = YES_ERROR;
				CLANG_WARN_DOCUMENTATION_COMMENTS = YES;
				CLANG_WARN_EMPTY_BODY = YES;
				CLANG_WARN_ENUM_CONVERSION = YES;
				CLANG_WARN_INFINITE_RECURSION = YES;
				CLANG_WARN_INT_CONVERSION = YES;
				CLANG_WARN_NON_LITERAL_NULL_CONVERSION = YES;
				CLANG_WARN_OBJC_IMPLICIT_RETAIN_SELF = YES;
				CLANG_WARN_OBJC_LITERAL_CONVERSION = YES;
				CLANG_WARN_OBJC_ROOT_CLASS = YES_ERROR;
				CLANG_WARN_QUOTED_INCLUDE_IN_FRAMEWORK_HEADER = YES;
				CLANG_WARN_RANGE_LOOP_ANALYSIS = YES;
				CLANG_WARN_STRICT_PROTOTYPES = YES;
				CLANG_WARN_SUSPICIOUS_MOVE = YES;
				CLANG_WARN_UNGUARDED_AVAILABILITY = YES_AGGRESSIVE;
				CLANG_WARN_UNREACHABLE_CODE = YES;
				CLANG_WARN__DUPLICATE_METHOD_MATCH = YES;
				COPY_PHASE_STRIP = NO;
				DEBUG_INFORMATION_FORMAT = "dwarf-with-dsym";
				ENABLE_NS_ASSERTIONS = NO;
				ENABLE_STRICT_OBJC_MSGSEND = YES;
				ENABLE_USER_SCRIPT_SANDBOXING = YES;
				GCC_C_LANGUAGE_STANDARD = gnu17;
				GCC_NO_COMMON_BLOCKS = YES;
				GCC_WARN_64_TO_32_BIT_CONVERSION = YES;
				GCC_WARN_ABOUT_RETURN_TYPE = YES_ERROR;
				GCC_WARN_UNDECLARED_SELECTOR = YES;
				GCC_WARN_UNINITIALIZED_AUTOS = YES_AGGRESSIVE;
				GCC_WARN_UNUSED_FUNCTION = YES;
				GCC_WARN_UNUSED_VARIABLE = YES;
				IPHONEOS_DEPLOYMENT_TARGET = 17.5;
				LOCALIZATION_PREFERS_STRING_CATALOGS = YES;
				MTL_ENABLE_DEBUG_INFO = NO;
				MTL_FAST_MATH = YES;
				SDKROOT = iphoneos;
				SWIFT_COMPILATION_MODE = wholemodule;
				VALIDATE_PRODUCT = YES;
			};
			name = Release;
		};
		92FC82922C853C03001F30CC /* Debug */ = {
			isa = XCBuildConfiguration;
			buildSettings = {
				ASSETCATALOG_COMPILER_APPICON_NAME = AppIcon;
				ASSETCATALOG_COMPILER_GLOBAL_ACCENT_COLOR_NAME = AccentColor;
				CODE_SIGN_STYLE = Automatic;
				CURRENT_PROJECT_VERSION = 1;
				DEVELOPMENT_TEAM = 8ZBG3FJVMX;
				GENERATE_INFOPLIST_FILE = YES;
				INFOPLIST_FILE = quizApp/Info.plist;
				INFOPLIST_KEY_CFBundleDisplayName = "Zeynoş";
				INFOPLIST_KEY_UIApplicationSupportsIndirectInputEvents = YES;
				INFOPLIST_KEY_UILaunchStoryboardName = LaunchScreen;
				INFOPLIST_KEY_UIMainStoryboardFile = Main;
				INFOPLIST_KEY_UISupportedInterfaceOrientations_iPad = "UIInterfaceOrientationPortrait UIInterfaceOrientationPortraitUpsideDown UIInterfaceOrientationLandscapeLeft UIInterfaceOrientationLandscapeRight";
				INFOPLIST_KEY_UISupportedInterfaceOrientations_iPhone = "UIInterfaceOrientationPortrait UIInterfaceOrientationLandscapeLeft UIInterfaceOrientationLandscapeRight";
				LD_RUNPATH_SEARCH_PATHS = (
					"$(inherited)",
					"@executable_path/Frameworks",
				);
				MARKETING_VERSION = 1.0;
				PRODUCT_BUNDLE_IDENTIFIER = com.umutyuksel.quizApp;
				PRODUCT_NAME = "$(TARGET_NAME)";
				SWIFT_EMIT_LOC_STRINGS = YES;
				SWIFT_VERSION = 5.0;
				TARGETED_DEVICE_FAMILY = "1,2";
			};
			name = Debug;
		};
		92FC82932C853C03001F30CC /* Release */ = {
			isa = XCBuildConfiguration;
			buildSettings = {
				ASSETCATALOG_COMPILER_APPICON_NAME = AppIcon;
				ASSETCATALOG_COMPILER_GLOBAL_ACCENT_COLOR_NAME = AccentColor;
				CODE_SIGN_STYLE = Automatic;
				CURRENT_PROJECT_VERSION = 1;
				DEVELOPMENT_TEAM = 8ZBG3FJVMX;
				GENERATE_INFOPLIST_FILE = YES;
				INFOPLIST_FILE = quizApp/Info.plist;
				INFOPLIST_KEY_CFBundleDisplayName = "Zeynoş";
				INFOPLIST_KEY_UIApplicationSupportsIndirectInputEvents = YES;
				INFOPLIST_KEY_UILaunchStoryboardName = LaunchScreen;
				INFOPLIST_KEY_UIMainStoryboardFile = Main;
				INFOPLIST_KEY_UISupportedInterfaceOrientations_iPad = "UIInterfaceOrientationPortrait UIInterfaceOrientationPortraitUpsideDown UIInterfaceOrientationLandscapeLeft UIInterfaceOrientationLandscapeRight";
				INFOPLIST_KEY_UISupportedInterfaceOrientations_iPhone = "UIInterfaceOrientationPortrait UIInterfaceOrientationLandscapeLeft UIInterfaceOrientationLandscapeRight";
				LD_RUNPATH_SEARCH_PATHS = (
					"$(inherited)",
					"@executable_path/Frameworks",
				);
				MARKETING_VERSION = 1.0;
				PRODUCT_BUNDLE_IDENTIFIER = com.umutyuksel.quizApp;
				PRODUCT_NAME = "$(TARGET_NAME)";
				SWIFT_EMIT_LOC_STRINGS = YES;
				SWIFT_VERSION = 5.0;
				TARGETED_DEVICE_FAMILY = "1,2";
			};
			name = Release;
		};
/* End XCBuildConfiguration section */

/* Begin XCConfigurationList section */
		92FC82782C853C02001F30CC /* Build configuration list for PBXProject "quizApp" */ = {
			isa = XCConfigurationList;
			buildConfigurations = (
				92FC828F2C853C03001F30CC /* Debug */,
				92FC82902C853C03001F30CC /* Release */,
			);
			defaultConfigurationIsVisible = 0;
			defaultConfigurationName = Release;
		};
		92FC82912C853C03001F30CC /* Build configuration list for PBXNativeTarget "quizApp" */ = {
			isa = XCConfigurationList;
			buildConfigurations = (
				92FC82922C853C03001F30CC /* Debug */,
				92FC82932C853C03001F30CC /* Release */,
			);
			defaultConfigurationIsVisible = 0;
			defaultConfigurationName = Release;
		};
/* End XCConfigurationList section */
	};
	rootObject = 92FC82752C853C02001F30CC /* Project object */;
}
